// !$*UTF8*$!
{
	archiveVersion = 1;
	classes = {
	};
	objectVersion = 46;
	objects = {

/* Begin PBXBuildFile section */
		59097AF418AA31C100CB39E1 /* Foundation.framework in Frameworks */ = {isa = PBXBuildFile; fileRef = 59097AF318AA31C100CB39E1 /* Foundation.framework */; };
		59097AF618AA31C100CB39E1 /* CoreGraphics.framework in Frameworks */ = {isa = PBXBuildFile; fileRef = 59097AF518AA31C100CB39E1 /* CoreGraphics.framework */; };
		59097AF818AA31C100CB39E1 /* UIKit.framework in Frameworks */ = {isa = PBXBuildFile; fileRef = 59097AF718AA31C100CB39E1 /* UIKit.framework */; };
		59097AFE18AA31C100CB39E1 /* InfoPlist.strings in Resources */ = {isa = PBXBuildFile; fileRef = 59097AFC18AA31C100CB39E1 /* InfoPlist.strings */; };
		59097B0018AA31C100CB39E1 /* main.m in Sources */ = {isa = PBXBuildFile; fileRef = 59097AFF18AA31C100CB39E1 /* main.m */; };
		59097B0418AA31C100CB39E1 /* AppDelegate.m in Sources */ = {isa = PBXBuildFile; fileRef = 59097B0318AA31C100CB39E1 /* AppDelegate.m */; };
		59097B0718AA31C100CB39E1 /* Main.storyboard in Resources */ = {isa = PBXBuildFile; fileRef = 59097B0518AA31C100CB39E1 /* Main.storyboard */; };
		59097B0A18AA31C100CB39E1 /* BeaconViewController.m in Sources */ = {isa = PBXBuildFile; fileRef = 59097B0918AA31C100CB39E1 /* BeaconViewController.m */; };
		59097B0C18AA31C100CB39E1 /* Images.xcassets in Resources */ = {isa = PBXBuildFile; fileRef = 59097B0B18AA31C100CB39E1 /* Images.xcassets */; };
		59097B1318AA31C100CB39E1 /* XCTest.framework in Frameworks */ = {isa = PBXBuildFile; fileRef = 59097B1218AA31C100CB39E1 /* XCTest.framework */; };
		59097B1418AA31C100CB39E1 /* Foundation.framework in Frameworks */ = {isa = PBXBuildFile; fileRef = 59097AF318AA31C100CB39E1 /* Foundation.framework */; };
		59097B1518AA31C100CB39E1 /* UIKit.framework in Frameworks */ = {isa = PBXBuildFile; fileRef = 59097AF718AA31C100CB39E1 /* UIKit.framework */; };
		59097B1D18AA31C100CB39E1 /* InfoPlist.strings in Resources */ = {isa = PBXBuildFile; fileRef = 59097B1B18AA31C100CB39E1 /* InfoPlist.strings */; };
		59097B1F18AA31C100CB39E1 /* iBeaconFinalDemoTests.m in Sources */ = {isa = PBXBuildFile; fileRef = 59097B1E18AA31C100CB39E1 /* iBeaconFinalDemoTests.m */; };
		59097B3118AA338000CB39E1 /* CoreBluetooth.framework in Frameworks */ = {isa = PBXBuildFile; fileRef = 59097B3018AA338000CB39E1 /* CoreBluetooth.framework */; };
		59097B3318AA338C00CB39E1 /* CoreLocation.framework in Frameworks */ = {isa = PBXBuildFile; fileRef = 59097B3218AA338C00CB39E1 /* CoreLocation.framework */; };
		59097B3518AA339900CB39E1 /* SystemConfiguration.framework in Frameworks */ = {isa = PBXBuildFile; fileRef = 59097B3418AA339900CB39E1 /* SystemConfiguration.framework */; };
		59097B3B18AA357B00CB39E1 /* iToast.m in Sources */ = {isa = PBXBuildFile; fileRef = 59097B3A18AA357B00CB39E1 /* iToast.m */; };
		59AACF7418AE1EC8009D6475 /* BeaconRegion.m in Sources */ = {isa = PBXBuildFile; fileRef = 59AACF7318AE1EC8009D6475 /* BeaconRegion.m */; };
		59AD2D0418B4B51A003E80EC /* UIDevice+Hardware.m in Sources */ = {isa = PBXBuildFile; fileRef = 59AD2D0318B4B51A003E80EC /* UIDevice+Hardware.m */; };
		59B6913D18BB2F450081BC00 /* FacebookSDK.framework in Frameworks */ = {isa = PBXBuildFile; fileRef = 59B6913C18BB2F450081BC00 /* FacebookSDK.framework */; };
		59B6914218BB407F0081BC00 /* LoginViewController.m in Sources */ = {isa = PBXBuildFile; fileRef = 59B6914018BB407F0081BC00 /* LoginViewController.m */; };
		59B6914318BB407F0081BC00 /* LoginViewController.xib in Resources */ = {isa = PBXBuildFile; fileRef = 59B6914118BB407F0081BC00 /* LoginViewController.xib */; };
		59B6914518BB40E10081BC00 /* FBLogin_background.png in Resources */ = {isa = PBXBuildFile; fileRef = 59B6914418BB40E10081BC00 /* FBLogin_background.png */; };
		59B6914718BB40E90081BC00 /* FBLogo.png in Resources */ = {isa = PBXBuildFile; fileRef = 59B6914618BB40E90081BC00 /* FBLogo.png */; };
		59B6914918BB53E10081BC00 /* google-plus.1.png in Resources */ = {isa = PBXBuildFile; fileRef = 59B6914818BB53E10081BC00 /* google-plus.1.png */; };
		59B6914B18BB56E60081BC00 /* GoogleOpenSource.framework in Frameworks */ = {isa = PBXBuildFile; fileRef = 59B6914A18BB56E60081BC00 /* GoogleOpenSource.framework */; };
		59B6914D18BB56F60081BC00 /* GooglePlus.framework in Frameworks */ = {isa = PBXBuildFile; fileRef = 59B6914C18BB56F60081BC00 /* GooglePlus.framework */; };
		59B6914F18BB570A0081BC00 /* GooglePlus.bundle in Frameworks */ = {isa = PBXBuildFile; fileRef = 59B6914E18BB570A0081BC00 /* GooglePlus.bundle */; };
		59B6915418BB5D430081BC00 /* PerformFBRequest.m in Sources */ = {isa = PBXBuildFile; fileRef = 59B6915218BB5D430081BC00 /* PerformFBRequest.m */; };
		59B6915718BB682C0081BC00 /* Security.framework in Frameworks */ = {isa = PBXBuildFile; fileRef = 59B6915618BB682C0081BC00 /* Security.framework */; };
		59B6915918BB683B0081BC00 /* MediaPlayer.framework in Frameworks */ = {isa = PBXBuildFile; fileRef = 59B6915818BB683B0081BC00 /* MediaPlayer.framework */; };
		59B6915B18BB68460081BC00 /* CoreText.framework in Frameworks */ = {isa = PBXBuildFile; fileRef = 59B6915A18BB68460081BC00 /* CoreText.framework */; };
		59B6915D18BB68660081BC00 /* CoreMotion.framework in Frameworks */ = {isa = PBXBuildFile; fileRef = 59B6915C18BB68660081BC00 /* CoreMotion.framework */; };
		59B6915F18BB68840081BC00 /* AssetsLibrary.framework in Frameworks */ = {isa = PBXBuildFile; fileRef = 59B6915E18BB68840081BC00 /* AssetsLibrary.framework */; };
		59B9F16618ACC026002F9E71 /* libEstimoteSDK.a in Frameworks */ = {isa = PBXBuildFile; fileRef = 59B9F16518ACC026002F9E71 /* libEstimoteSDK.a */; };
		59BB91B118B375680044B8E7 /* MBProgressHUD.m in Sources */ = {isa = PBXBuildFile; fileRef = 59BB91B018B375680044B8E7 /* MBProgressHUD.m */; };
		59BB91B518B376A00044B8E7 /* WebserviceHelperClass.m in Sources */ = {isa = PBXBuildFile; fileRef = 59BB91B418B376A00044B8E7 /* WebserviceHelperClass.m */; };
		59BB923918B37AFC0044B8E7 /* AFHTTPClient.m in Sources */ = {isa = PBXBuildFile; fileRef = 59BB922718B37AFC0044B8E7 /* AFHTTPClient.m */; };
		59BB923A18B37AFC0044B8E7 /* AFHTTPRequestOperation.m in Sources */ = {isa = PBXBuildFile; fileRef = 59BB922918B37AFC0044B8E7 /* AFHTTPRequestOperation.m */; };
		59BB923B18B37AFC0044B8E7 /* AFImageRequestOperation.m in Sources */ = {isa = PBXBuildFile; fileRef = 59BB922B18B37AFC0044B8E7 /* AFImageRequestOperation.m */; };
		59BB923C18B37AFC0044B8E7 /* AFJSONRequestOperation.m in Sources */ = {isa = PBXBuildFile; fileRef = 59BB922D18B37AFC0044B8E7 /* AFJSONRequestOperation.m */; };
		59BB923D18B37AFC0044B8E7 /* AFNetworkActivityIndicatorManager.m in Sources */ = {isa = PBXBuildFile; fileRef = 59BB922F18B37AFC0044B8E7 /* AFNetworkActivityIndicatorManager.m */; };
		59BB923E18B37AFC0044B8E7 /* AFPropertyListRequestOperation.m in Sources */ = {isa = PBXBuildFile; fileRef = 59BB923218B37AFC0044B8E7 /* AFPropertyListRequestOperation.m */; };
		59BB923F18B37AFC0044B8E7 /* AFURLConnectionOperation.m in Sources */ = {isa = PBXBuildFile; fileRef = 59BB923418B37AFC0044B8E7 /* AFURLConnectionOperation.m */; };
		59BB924018B37AFC0044B8E7 /* AFXMLRequestOperation.m in Sources */ = {isa = PBXBuildFile; fileRef = 59BB923618B37AFC0044B8E7 /* AFXMLRequestOperation.m */; };
		59BB924118B37AFC0044B8E7 /* UIImageView+AFNetworking.m in Sources */ = {isa = PBXBuildFile; fileRef = 59BB923818B37AFC0044B8E7 /* UIImageView+AFNetworking.m */; };
/* End PBXBuildFile section */

/* Begin PBXContainerItemProxy section */
		59097B1618AA31C100CB39E1 /* PBXContainerItemProxy */ = {
			isa = PBXContainerItemProxy;
			containerPortal = 59097AE818AA31C000CB39E1 /* Project object */;
			proxyType = 1;
			remoteGlobalIDString = 59097AEF18AA31C100CB39E1;
			remoteInfo = iBeaconFinalDemo;
		};
/* End PBXContainerItemProxy section */

/* Begin PBXFileReference section */
		59097AF018AA31C100CB39E1 /* iBeaconFinalDemo.app */ = {isa = PBXFileReference; explicitFileType = wrapper.application; includeInIndex = 0; path = iBeaconFinalDemo.app; sourceTree = BUILT_PRODUCTS_DIR; };
		59097AF318AA31C100CB39E1 /* Foundation.framework */ = {isa = PBXFileReference; lastKnownFileType = wrapper.framework; name = Foundation.framework; path = System/Library/Frameworks/Foundation.framework; sourceTree = SDKROOT; };
		59097AF518AA31C100CB39E1 /* CoreGraphics.framework */ = {isa = PBXFileReference; lastKnownFileType = wrapper.framework; name = CoreGraphics.framework; path = System/Library/Frameworks/CoreGraphics.framework; sourceTree = SDKROOT; };
		59097AF718AA31C100CB39E1 /* UIKit.framework */ = {isa = PBXFileReference; lastKnownFileType = wrapper.framework; name = UIKit.framework; path = System/Library/Frameworks/UIKit.framework; sourceTree = SDKROOT; };
		59097AFB18AA31C100CB39E1 /* iBeaconFinalDemo-Info.plist */ = {isa = PBXFileReference; lastKnownFileType = text.plist.xml; path = "iBeaconFinalDemo-Info.plist"; sourceTree = "<group>"; };
		59097AFD18AA31C100CB39E1 /* en */ = {isa = PBXFileReference; lastKnownFileType = text.plist.strings; name = en; path = en.lproj/InfoPlist.strings; sourceTree = "<group>"; };
		59097AFF18AA31C100CB39E1 /* main.m */ = {isa = PBXFileReference; lastKnownFileType = sourcecode.c.objc; path = main.m; sourceTree = "<group>"; };
		59097B0118AA31C100CB39E1 /* iBeaconFinalDemo-Prefix.pch */ = {isa = PBXFileReference; lastKnownFileType = sourcecode.c.h; path = "iBeaconFinalDemo-Prefix.pch"; sourceTree = "<group>"; };
		59097B0218AA31C100CB39E1 /* AppDelegate.h */ = {isa = PBXFileReference; lastKnownFileType = sourcecode.c.h; path = AppDelegate.h; sourceTree = "<group>"; };
		59097B0318AA31C100CB39E1 /* AppDelegate.m */ = {isa = PBXFileReference; lastKnownFileType = sourcecode.c.objc; path = AppDelegate.m; sourceTree = "<group>"; };
		59097B0618AA31C100CB39E1 /* Base */ = {isa = PBXFileReference; lastKnownFileType = file.storyboard; name = Base; path = Base.lproj/Main.storyboard; sourceTree = "<group>"; };
		59097B0818AA31C100CB39E1 /* BeaconViewController.h */ = {isa = PBXFileReference; lastKnownFileType = sourcecode.c.h; path = BeaconViewController.h; sourceTree = "<group>"; };
		59097B0918AA31C100CB39E1 /* BeaconViewController.m */ = {isa = PBXFileReference; lastKnownFileType = sourcecode.c.objc; path = BeaconViewController.m; sourceTree = "<group>"; };
		59097B0B18AA31C100CB39E1 /* Images.xcassets */ = {isa = PBXFileReference; lastKnownFileType = folder.assetcatalog; path = Images.xcassets; sourceTree = "<group>"; };
		59097B1118AA31C100CB39E1 /* iBeaconFinalDemoTests.xctest */ = {isa = PBXFileReference; explicitFileType = wrapper.cfbundle; includeInIndex = 0; path = iBeaconFinalDemoTests.xctest; sourceTree = BUILT_PRODUCTS_DIR; };
		59097B1218AA31C100CB39E1 /* XCTest.framework */ = {isa = PBXFileReference; lastKnownFileType = wrapper.framework; name = XCTest.framework; path = Library/Frameworks/XCTest.framework; sourceTree = DEVELOPER_DIR; };
		59097B1A18AA31C100CB39E1 /* iBeaconFinalDemoTests-Info.plist */ = {isa = PBXFileReference; lastKnownFileType = text.plist.xml; path = "iBeaconFinalDemoTests-Info.plist"; sourceTree = "<group>"; };
		59097B1C18AA31C100CB39E1 /* en */ = {isa = PBXFileReference; lastKnownFileType = text.plist.strings; name = en; path = en.lproj/InfoPlist.strings; sourceTree = "<group>"; };
		59097B1E18AA31C100CB39E1 /* iBeaconFinalDemoTests.m */ = {isa = PBXFileReference; lastKnownFileType = sourcecode.c.objc; path = iBeaconFinalDemoTests.m; sourceTree = "<group>"; };
		59097B2A18AA330800CB39E1 /* ESTBeacon.h */ = {isa = PBXFileReference; fileEncoding = 4; lastKnownFileType = sourcecode.c.h; path = ESTBeacon.h; sourceTree = "<group>"; };
		59097B2B18AA330800CB39E1 /* ESTBeaconDefinitions.h */ = {isa = PBXFileReference; fileEncoding = 4; lastKnownFileType = sourcecode.c.h; path = ESTBeaconDefinitions.h; sourceTree = "<group>"; };
		59097B2C18AA330800CB39E1 /* ESTBeaconManager.h */ = {isa = PBXFileReference; fileEncoding = 4; lastKnownFileType = sourcecode.c.h; path = ESTBeaconManager.h; sourceTree = "<group>"; };
		59097B2D18AA330800CB39E1 /* ESTBeaconRegion.h */ = {isa = PBXFileReference; fileEncoding = 4; lastKnownFileType = sourcecode.c.h; path = ESTBeaconRegion.h; sourceTree = "<group>"; };
		59097B3018AA338000CB39E1 /* CoreBluetooth.framework */ = {isa = PBXFileReference; lastKnownFileType = wrapper.framework; name = CoreBluetooth.framework; path = System/Library/Frameworks/CoreBluetooth.framework; sourceTree = SDKROOT; };
		59097B3218AA338C00CB39E1 /* CoreLocation.framework */ = {isa = PBXFileReference; lastKnownFileType = wrapper.framework; name = CoreLocation.framework; path = System/Library/Frameworks/CoreLocation.framework; sourceTree = SDKROOT; };
		59097B3418AA339900CB39E1 /* SystemConfiguration.framework */ = {isa = PBXFileReference; lastKnownFileType = wrapper.framework; name = SystemConfiguration.framework; path = System/Library/Frameworks/SystemConfiguration.framework; sourceTree = SDKROOT; };
		59097B3918AA357B00CB39E1 /* iToast.h */ = {isa = PBXFileReference; fileEncoding = 4; lastKnownFileType = sourcecode.c.h; path = iToast.h; sourceTree = "<group>"; };
		59097B3A18AA357B00CB39E1 /* iToast.m */ = {isa = PBXFileReference; fileEncoding = 4; lastKnownFileType = sourcecode.c.objc; path = iToast.m; sourceTree = "<group>"; };
		59AACF7218AE1EC8009D6475 /* BeaconRegion.h */ = {isa = PBXFileReference; fileEncoding = 4; lastKnownFileType = sourcecode.c.h; path = BeaconRegion.h; sourceTree = "<group>"; };
		59AACF7318AE1EC8009D6475 /* BeaconRegion.m */ = {isa = PBXFileReference; fileEncoding = 4; lastKnownFileType = sourcecode.c.objc; path = BeaconRegion.m; sourceTree = "<group>"; };
		59AD2D0218B4B51A003E80EC /* UIDevice+Hardware.h */ = {isa = PBXFileReference; fileEncoding = 4; lastKnownFileType = sourcecode.c.h; path = "UIDevice+Hardware.h"; sourceTree = "<group>"; };
		59AD2D0318B4B51A003E80EC /* UIDevice+Hardware.m */ = {isa = PBXFileReference; fileEncoding = 4; lastKnownFileType = sourcecode.c.objc; path = "UIDevice+Hardware.m"; sourceTree = "<group>"; };
		59B6913C18BB2F450081BC00 /* FacebookSDK.framework */ = {isa = PBXFileReference; lastKnownFileType = wrapper.framework; path = FacebookSDK.framework; sourceTree = "<group>"; };
		59B6913E18BB3F130081BC00 /* Constants.h */ = {isa = PBXFileReference; lastKnownFileType = sourcecode.c.h; path = Constants.h; sourceTree = "<group>"; };
		59B6913F18BB407F0081BC00 /* LoginViewController.h */ = {isa = PBXFileReference; fileEncoding = 4; lastKnownFileType = sourcecode.c.h; path = LoginViewController.h; sourceTree = "<group>"; };
		59B6914018BB407F0081BC00 /* LoginViewController.m */ = {isa = PBXFileReference; fileEncoding = 4; lastKnownFileType = sourcecode.c.objc; path = LoginViewController.m; sourceTree = "<group>"; };
		59B6914118BB407F0081BC00 /* LoginViewController.xib */ = {isa = PBXFileReference; fileEncoding = 4; lastKnownFileType = file.xib; path = LoginViewController.xib; sourceTree = "<group>"; };
		59B6914418BB40E10081BC00 /* FBLogin_background.png */ = {isa = PBXFileReference; lastKnownFileType = image.png; path = FBLogin_background.png; sourceTree = "<group>"; };
		59B6914618BB40E90081BC00 /* FBLogo.png */ = {isa = PBXFileReference; lastKnownFileType = image.png; path = FBLogo.png; sourceTree = "<group>"; };
		59B6914818BB53E10081BC00 /* google-plus.1.png */ = {isa = PBXFileReference; lastKnownFileType = image.png; path = "google-plus.1.png"; sourceTree = "<group>"; };
		59B6914A18BB56E60081BC00 /* GoogleOpenSource.framework */ = {isa = PBXFileReference; lastKnownFileType = wrapper.framework; name = GoogleOpenSource.framework; path = GooglePlus/GoogleOpenSource.framework; sourceTree = "<group>"; };
		59B6914C18BB56F60081BC00 /* GooglePlus.framework */ = {isa = PBXFileReference; lastKnownFileType = wrapper.framework; name = GooglePlus.framework; path = GooglePlus/GooglePlus.framework; sourceTree = "<group>"; };
		59B6914E18BB570A0081BC00 /* GooglePlus.bundle */ = {isa = PBXFileReference; lastKnownFileType = "wrapper.plug-in"; name = GooglePlus.bundle; path = GooglePlus/GooglePlus.bundle; sourceTree = "<group>"; };
		59B6915118BB5D430081BC00 /* PerformFBRequest.h */ = {isa = PBXFileReference; fileEncoding = 4; lastKnownFileType = sourcecode.c.h; path = PerformFBRequest.h; sourceTree = "<group>"; };
		59B6915218BB5D430081BC00 /* PerformFBRequest.m */ = {isa = PBXFileReference; fileEncoding = 4; lastKnownFileType = sourcecode.c.objc; path = PerformFBRequest.m; sourceTree = "<group>"; };
		59B6915318BB5D430081BC00 /* PerformFBRequestResponce.h */ = {isa = PBXFileReference; fileEncoding = 4; lastKnownFileType = sourcecode.c.h; path = PerformFBRequestResponce.h; sourceTree = "<group>"; };
		59B6915618BB682C0081BC00 /* Security.framework */ = {isa = PBXFileReference; lastKnownFileType = wrapper.framework; name = Security.framework; path = System/Library/Frameworks/Security.framework; sourceTree = SDKROOT; };
		59B6915818BB683B0081BC00 /* MediaPlayer.framework */ = {isa = PBXFileReference; lastKnownFileType = wrapper.framework; name = MediaPlayer.framework; path = System/Library/Frameworks/MediaPlayer.framework; sourceTree = SDKROOT; };
		59B6915A18BB68460081BC00 /* CoreText.framework */ = {isa = PBXFileReference; lastKnownFileType = wrapper.framework; name = CoreText.framework; path = System/Library/Frameworks/CoreText.framework; sourceTree = SDKROOT; };
		59B6915C18BB68660081BC00 /* CoreMotion.framework */ = {isa = PBXFileReference; lastKnownFileType = wrapper.framework; name = CoreMotion.framework; path = System/Library/Frameworks/CoreMotion.framework; sourceTree = SDKROOT; };
		59B6915E18BB68840081BC00 /* AssetsLibrary.framework */ = {isa = PBXFileReference; lastKnownFileType = wrapper.framework; name = AssetsLibrary.framework; path = System/Library/Frameworks/AssetsLibrary.framework; sourceTree = SDKROOT; };
		59B9F16518ACC026002F9E71 /* libEstimoteSDK.a */ = {isa = PBXFileReference; lastKnownFileType = archive.ar; name = libEstimoteSDK.a; path = EstimoteSDK/libEstimoteSDK.a; sourceTree = "<group>"; };
		59BB91AF18B375680044B8E7 /* MBProgressHUD.h */ = {isa = PBXFileReference; fileEncoding = 4; lastKnownFileType = sourcecode.c.h; path = MBProgressHUD.h; sourceTree = "<group>"; };
		59BB91B018B375680044B8E7 /* MBProgressHUD.m */ = {isa = PBXFileReference; fileEncoding = 4; lastKnownFileType = sourcecode.c.objc; path = MBProgressHUD.m; sourceTree = "<group>"; };
		59BB91B318B376A00044B8E7 /* WebserviceHelperClass.h */ = {isa = PBXFileReference; fileEncoding = 4; lastKnownFileType = sourcecode.c.h; path = WebserviceHelperClass.h; sourceTree = "<group>"; };
		59BB91B418B376A00044B8E7 /* WebserviceHelperClass.m */ = {isa = PBXFileReference; fileEncoding = 4; lastKnownFileType = sourcecode.c.objc; path = WebserviceHelperClass.m; sourceTree = "<group>"; };
		59BB922618B37AFC0044B8E7 /* AFHTTPClient.h */ = {isa = PBXFileReference; fileEncoding = 4; lastKnownFileType = sourcecode.c.h; name = AFHTTPClient.h; path = AFNetwork/AFHTTPClient.h; sourceTree = SOURCE_ROOT; };
		59BB922718B37AFC0044B8E7 /* AFHTTPClient.m */ = {isa = PBXFileReference; fileEncoding = 4; lastKnownFileType = sourcecode.c.objc; name = AFHTTPClient.m; path = AFNetwork/AFHTTPClient.m; sourceTree = SOURCE_ROOT; };
		59BB922818B37AFC0044B8E7 /* AFHTTPRequestOperation.h */ = {isa = PBXFileReference; fileEncoding = 4; lastKnownFileType = sourcecode.c.h; name = AFHTTPRequestOperation.h; path = AFNetwork/AFHTTPRequestOperation.h; sourceTree = SOURCE_ROOT; };
		59BB922918B37AFC0044B8E7 /* AFHTTPRequestOperation.m */ = {isa = PBXFileReference; fileEncoding = 4; lastKnownFileType = sourcecode.c.objc; name = AFHTTPRequestOperation.m; path = AFNetwork/AFHTTPRequestOperation.m; sourceTree = SOURCE_ROOT; };
		59BB922A18B37AFC0044B8E7 /* AFImageRequestOperation.h */ = {isa = PBXFileReference; fileEncoding = 4; lastKnownFileType = sourcecode.c.h; name = AFImageRequestOperation.h; path = AFNetwork/AFImageRequestOperation.h; sourceTree = SOURCE_ROOT; };
		59BB922B18B37AFC0044B8E7 /* AFImageRequestOperation.m */ = {isa = PBXFileReference; fileEncoding = 4; lastKnownFileType = sourcecode.c.objc; name = AFImageRequestOperation.m; path = AFNetwork/AFImageRequestOperation.m; sourceTree = SOURCE_ROOT; };
		59BB922C18B37AFC0044B8E7 /* AFJSONRequestOperation.h */ = {isa = PBXFileReference; fileEncoding = 4; lastKnownFileType = sourcecode.c.h; name = AFJSONRequestOperation.h; path = AFNetwork/AFJSONRequestOperation.h; sourceTree = SOURCE_ROOT; };
		59BB922D18B37AFC0044B8E7 /* AFJSONRequestOperation.m */ = {isa = PBXFileReference; fileEncoding = 4; lastKnownFileType = sourcecode.c.objc; name = AFJSONRequestOperation.m; path = AFNetwork/AFJSONRequestOperation.m; sourceTree = SOURCE_ROOT; };
		59BB922E18B37AFC0044B8E7 /* AFNetworkActivityIndicatorManager.h */ = {isa = PBXFileReference; fileEncoding = 4; lastKnownFileType = sourcecode.c.h; name = AFNetworkActivityIndicatorManager.h; path = AFNetwork/AFNetworkActivityIndicatorManager.h; sourceTree = SOURCE_ROOT; };
		59BB922F18B37AFC0044B8E7 /* AFNetworkActivityIndicatorManager.m */ = {isa = PBXFileReference; fileEncoding = 4; lastKnownFileType = sourcecode.c.objc; name = AFNetworkActivityIndicatorManager.m; path = AFNetwork/AFNetworkActivityIndicatorManager.m; sourceTree = SOURCE_ROOT; };
		59BB923018B37AFC0044B8E7 /* AFNetworking.h */ = {isa = PBXFileReference; fileEncoding = 4; lastKnownFileType = sourcecode.c.h; name = AFNetworking.h; path = AFNetwork/AFNetworking.h; sourceTree = SOURCE_ROOT; };
		59BB923118B37AFC0044B8E7 /* AFPropertyListRequestOperation.h */ = {isa = PBXFileReference; fileEncoding = 4; lastKnownFileType = sourcecode.c.h; name = AFPropertyListRequestOperation.h; path = AFNetwork/AFPropertyListRequestOperation.h; sourceTree = SOURCE_ROOT; };
		59BB923218B37AFC0044B8E7 /* AFPropertyListRequestOperation.m */ = {isa = PBXFileReference; fileEncoding = 4; lastKnownFileType = sourcecode.c.objc; name = AFPropertyListRequestOperation.m; path = AFNetwork/AFPropertyListRequestOperation.m; sourceTree = SOURCE_ROOT; };
		59BB923318B37AFC0044B8E7 /* AFURLConnectionOperation.h */ = {isa = PBXFileReference; fileEncoding = 4; lastKnownFileType = sourcecode.c.h; name = AFURLConnectionOperation.h; path = AFNetwork/AFURLConnectionOperation.h; sourceTree = SOURCE_ROOT; };
		59BB923418B37AFC0044B8E7 /* AFURLConnectionOperation.m */ = {isa = PBXFileReference; fileEncoding = 4; lastKnownFileType = sourcecode.c.objc; name = AFURLConnectionOperation.m; path = AFNetwork/AFURLConnectionOperation.m; sourceTree = SOURCE_ROOT; };
		59BB923518B37AFC0044B8E7 /* AFXMLRequestOperation.h */ = {isa = PBXFileReference; fileEncoding = 4; lastKnownFileType = sourcecode.c.h; name = AFXMLRequestOperation.h; path = AFNetwork/AFXMLRequestOperation.h; sourceTree = SOURCE_ROOT; };
		59BB923618B37AFC0044B8E7 /* AFXMLRequestOperation.m */ = {isa = PBXFileReference; fileEncoding = 4; lastKnownFileType = sourcecode.c.objc; name = AFXMLRequestOperation.m; path = AFNetwork/AFXMLRequestOperation.m; sourceTree = SOURCE_ROOT; };
		59BB923718B37AFC0044B8E7 /* UIImageView+AFNetworking.h */ = {isa = PBXFileReference; fileEncoding = 4; lastKnownFileType = sourcecode.c.h; name = "UIImageView+AFNetworking.h"; path = "AFNetwork/UIImageView+AFNetworking.h"; sourceTree = SOURCE_ROOT; };
		59BB923818B37AFC0044B8E7 /* UIImageView+AFNetworking.m */ = {isa = PBXFileReference; fileEncoding = 4; lastKnownFileType = sourcecode.c.objc; name = "UIImageView+AFNetworking.m"; path = "AFNetwork/UIImageView+AFNetworking.m"; sourceTree = SOURCE_ROOT; };
/* End PBXFileReference section */

/* Begin PBXFrameworksBuildPhase section */
		59097AED18AA31C100CB39E1 /* Frameworks */ = {
			isa = PBXFrameworksBuildPhase;
			buildActionMask = 2147483647;
			files = (
				59B6915F18BB68840081BC00 /* AssetsLibrary.framework in Frameworks */,
				59097B3318AA338C00CB39E1 /* CoreLocation.framework in Frameworks */,
				59B6915D18BB68660081BC00 /* CoreMotion.framework in Frameworks */,
				59097AF618AA31C100CB39E1 /* CoreGraphics.framework in Frameworks */,
				59B6915B18BB68460081BC00 /* CoreText.framework in Frameworks */,
				59B6915918BB683B0081BC00 /* MediaPlayer.framework in Frameworks */,
				59B6915718BB682C0081BC00 /* Security.framework in Frameworks */,
				59B6914F18BB570A0081BC00 /* GooglePlus.bundle in Frameworks */,
				59B6914D18BB56F60081BC00 /* GooglePlus.framework in Frameworks */,
				59B6914B18BB56E60081BC00 /* GoogleOpenSource.framework in Frameworks */,
				59B6913D18BB2F450081BC00 /* FacebookSDK.framework in Frameworks */,
				59B9F16618ACC026002F9E71 /* libEstimoteSDK.a in Frameworks */,
				59097B3518AA339900CB39E1 /* SystemConfiguration.framework in Frameworks */,
				59097B3118AA338000CB39E1 /* CoreBluetooth.framework in Frameworks */,
				59097AF818AA31C100CB39E1 /* UIKit.framework in Frameworks */,
				59097AF418AA31C100CB39E1 /* Foundation.framework in Frameworks */,
			);
			runOnlyForDeploymentPostprocessing = 0;
		};
		59097B0E18AA31C100CB39E1 /* Frameworks */ = {
			isa = PBXFrameworksBuildPhase;
			buildActionMask = 2147483647;
			files = (
				59097B1318AA31C100CB39E1 /* XCTest.framework in Frameworks */,
				59097B1518AA31C100CB39E1 /* UIKit.framework in Frameworks */,
				59097B1418AA31C100CB39E1 /* Foundation.framework in Frameworks */,
			);
			runOnlyForDeploymentPostprocessing = 0;
		};
/* End PBXFrameworksBuildPhase section */

/* Begin PBXGroup section */
		59097AE718AA31C000CB39E1 = {
			isa = PBXGroup;
			children = (
				59B6913518BB2B6B0081BC00 /* LibraryWork */,
				59097AF918AA31C100CB39E1 /* iBeaconFinalDemo */,
				59097B1818AA31C100CB39E1 /* iBeaconFinalDemoTests */,
				59097AF218AA31C100CB39E1 /* Frameworks */,
				59097AF118AA31C100CB39E1 /* Products */,
			);
			sourceTree = "<group>";
		};
		59097AF118AA31C100CB39E1 /* Products */ = {
			isa = PBXGroup;
			children = (
				59097AF018AA31C100CB39E1 /* iBeaconFinalDemo.app */,
				59097B1118AA31C100CB39E1 /* iBeaconFinalDemoTests.xctest */,
			);
			name = Products;
			sourceTree = "<group>";
		};
		59097AF218AA31C100CB39E1 /* Frameworks */ = {
			isa = PBXGroup;
			children = (
				59B6915E18BB68840081BC00 /* AssetsLibrary.framework */,
				59B6915C18BB68660081BC00 /* CoreMotion.framework */,
				59B6915A18BB68460081BC00 /* CoreText.framework */,
				59B6915818BB683B0081BC00 /* MediaPlayer.framework */,
				59B6915618BB682C0081BC00 /* Security.framework */,
				59B6914E18BB570A0081BC00 /* GooglePlus.bundle */,
				59B6914C18BB56F60081BC00 /* GooglePlus.framework */,
				59B6914A18BB56E60081BC00 /* GoogleOpenSource.framework */,
				59B6913C18BB2F450081BC00 /* FacebookSDK.framework */,
				59B9F16518ACC026002F9E71 /* libEstimoteSDK.a */,
				59097B3418AA339900CB39E1 /* SystemConfiguration.framework */,
				59097B3218AA338C00CB39E1 /* CoreLocation.framework */,
				59097B3018AA338000CB39E1 /* CoreBluetooth.framework */,
				59097AF318AA31C100CB39E1 /* Foundation.framework */,
				59097AF518AA31C100CB39E1 /* CoreGraphics.framework */,
				59097AF718AA31C100CB39E1 /* UIKit.framework */,
				59097B1218AA31C100CB39E1 /* XCTest.framework */,
			);
			name = Frameworks;
			sourceTree = "<group>";
		};
		59097AF918AA31C100CB39E1 /* iBeaconFinalDemo */ = {
			isa = PBXGroup;
			children = (
				59F0EA1918BC7E0A00BA43DA /* AppDelegate */,
				59B6915018BB5D130081BC00 /* Login */,
				59F0EA1A18BC7E3B00BA43DA /* iBeacon */,
				59097AFA18AA31C100CB39E1 /* Supporting Files */,
			);
			path = iBeaconFinalDemo;
			sourceTree = "<group>";
		};
		59097AFA18AA31C100CB39E1 /* Supporting Files */ = {
			isa = PBXGroup;
			children = (
				59097B0B18AA31C100CB39E1 /* Images.xcassets */,
				59B6914818BB53E10081BC00 /* google-plus.1.png */,
				59B6914418BB40E10081BC00 /* FBLogin_background.png */,
				59B6914618BB40E90081BC00 /* FBLogo.png */,
				59097AFB18AA31C100CB39E1 /* iBeaconFinalDemo-Info.plist */,
				59097AFC18AA31C100CB39E1 /* InfoPlist.strings */,
				59097AFF18AA31C100CB39E1 /* main.m */,
				59097B0118AA31C100CB39E1 /* iBeaconFinalDemo-Prefix.pch */,
				59B6913E18BB3F130081BC00 /* Constants.h */,
			);
			name = "Supporting Files";
			sourceTree = "<group>";
		};
		59097B1818AA31C100CB39E1 /* iBeaconFinalDemoTests */ = {
			isa = PBXGroup;
			children = (
				59097B1E18AA31C100CB39E1 /* iBeaconFinalDemoTests.m */,
				59097B1918AA31C100CB39E1 /* Supporting Files */,
			);
			path = iBeaconFinalDemoTests;
			sourceTree = "<group>";
		};
		59097B1918AA31C100CB39E1 /* Supporting Files */ = {
			isa = PBXGroup;
			children = (
				59097B1A18AA31C100CB39E1 /* iBeaconFinalDemoTests-Info.plist */,
				59097B1B18AA31C100CB39E1 /* InfoPlist.strings */,
			);
			name = "Supporting Files";
			sourceTree = "<group>";
		};
		59097B2818AA330800CB39E1 /* EstimoteSDK */ = {
			isa = PBXGroup;
			children = (
				59097B2918AA330800CB39E1 /* Headers */,
			);
			path = EstimoteSDK;
			sourceTree = "<group>";
		};
		59097B2918AA330800CB39E1 /* Headers */ = {
			isa = PBXGroup;
			children = (
				59097B2A18AA330800CB39E1 /* ESTBeacon.h */,
				59097B2B18AA330800CB39E1 /* ESTBeaconDefinitions.h */,
				59097B2C18AA330800CB39E1 /* ESTBeaconManager.h */,
				59097B2D18AA330800CB39E1 /* ESTBeaconRegion.h */,
			);
			path = Headers;
			sourceTree = "<group>";
		};
		59097B3818AA356400CB39E1 /* iToast */ = {
			isa = PBXGroup;
			children = (
				59097B3918AA357B00CB39E1 /* iToast.h */,
				59097B3A18AA357B00CB39E1 /* iToast.m */,
			);
			name = iToast;
			path = iBeaconFinalDemo;
			sourceTree = "<group>";
		};
		59AD2D0118B4B4F4003E80EC /* DeviceHardware */ = {
			isa = PBXGroup;
			children = (
				59AD2D0218B4B51A003E80EC /* UIDevice+Hardware.h */,
				59AD2D0318B4B51A003E80EC /* UIDevice+Hardware.m */,
			);
			name = DeviceHardware;
			sourceTree = "<group>";
		};
		59B6913518BB2B6B0081BC00 /* LibraryWork */ = {
			isa = PBXGroup;
			children = (
				59F0EA1818BC6C4D00BA43DA /* DatabaseHelper */,
				59AD2D0118B4B4F4003E80EC /* DeviceHardware */,
				59BB91B218B375940044B8E7 /* WebserviceHelper */,
				59BB91AE18B375500044B8E7 /* ActivityIndicator */,
				59BB918F18B374790044B8E7 /* AFNetworking */,
				59097B3818AA356400CB39E1 /* iToast */,
				59097B2818AA330800CB39E1 /* EstimoteSDK */,
			);
			name = LibraryWork;
			sourceTree = "<group>";
		};
		59B6915018BB5D130081BC00 /* Login */ = {
			isa = PBXGroup;
			children = (
				59B6915118BB5D430081BC00 /* PerformFBRequest.h */,
				59B6915218BB5D430081BC00 /* PerformFBRequest.m */,
				59B6915318BB5D430081BC00 /* PerformFBRequestResponce.h */,
				59B6913F18BB407F0081BC00 /* LoginViewController.h */,
				59B6914018BB407F0081BC00 /* LoginViewController.m */,
				59B6914118BB407F0081BC00 /* LoginViewController.xib */,
			);
			name = Login;
			sourceTree = "<group>";
		};
		59BB918F18B374790044B8E7 /* AFNetworking */ = {
			isa = PBXGroup;
			children = (
				59BB922618B37AFC0044B8E7 /* AFHTTPClient.h */,
				59BB922718B37AFC0044B8E7 /* AFHTTPClient.m */,
				59BB922818B37AFC0044B8E7 /* AFHTTPRequestOperation.h */,
				59BB922918B37AFC0044B8E7 /* AFHTTPRequestOperation.m */,
				59BB922A18B37AFC0044B8E7 /* AFImageRequestOperation.h */,
				59BB922B18B37AFC0044B8E7 /* AFImageRequestOperation.m */,
				59BB922C18B37AFC0044B8E7 /* AFJSONRequestOperation.h */,
				59BB922D18B37AFC0044B8E7 /* AFJSONRequestOperation.m */,
				59BB922E18B37AFC0044B8E7 /* AFNetworkActivityIndicatorManager.h */,
				59BB922F18B37AFC0044B8E7 /* AFNetworkActivityIndicatorManager.m */,
				59BB923018B37AFC0044B8E7 /* AFNetworking.h */,
				59BB923118B37AFC0044B8E7 /* AFPropertyListRequestOperation.h */,
				59BB923218B37AFC0044B8E7 /* AFPropertyListRequestOperation.m */,
				59BB923318B37AFC0044B8E7 /* AFURLConnectionOperation.h */,
				59BB923418B37AFC0044B8E7 /* AFURLConnectionOperation.m */,
				59BB923518B37AFC0044B8E7 /* AFXMLRequestOperation.h */,
				59BB923618B37AFC0044B8E7 /* AFXMLRequestOperation.m */,
				59BB923718B37AFC0044B8E7 /* UIImageView+AFNetworking.h */,
				59BB923818B37AFC0044B8E7 /* UIImageView+AFNetworking.m */,
			);
			path = AFNetworking;
			sourceTree = "<group>";
		};
		59BB91AE18B375500044B8E7 /* ActivityIndicator */ = {
			isa = PBXGroup;
			children = (
				59BB91AF18B375680044B8E7 /* MBProgressHUD.h */,
				59BB91B018B375680044B8E7 /* MBProgressHUD.m */,
			);
			name = ActivityIndicator;
			sourceTree = "<group>";
		};
		59BB91B218B375940044B8E7 /* WebserviceHelper */ = {
			isa = PBXGroup;
			children = (
				59BB91B318B376A00044B8E7 /* WebserviceHelperClass.h */,
				59BB91B418B376A00044B8E7 /* WebserviceHelperClass.m */,
			);
			name = WebserviceHelper;
			sourceTree = "<group>";
		};
		59F0EA1818BC6C4D00BA43DA /* DatabaseHelper */ = {
			isa = PBXGroup;
			children = (
			);
			name = DatabaseHelper;
			sourceTree = "<group>";
		};
		59F0EA1918BC7E0A00BA43DA /* AppDelegate */ = {
			isa = PBXGroup;
			children = (
				59097B0218AA31C100CB39E1 /* AppDelegate.h */,
				59097B0318AA31C100CB39E1 /* AppDelegate.m */,
				59097B0518AA31C100CB39E1 /* Main.storyboard */,
			);
			name = AppDelegate;
			sourceTree = "<group>";
		};
		59F0EA1A18BC7E3B00BA43DA /* iBeacon */ = {
			isa = PBXGroup;
			children = (
				59097B0818AA31C100CB39E1 /* BeaconViewController.h */,
				59097B0918AA31C100CB39E1 /* BeaconViewController.m */,
				59AACF7218AE1EC8009D6475 /* BeaconRegion.h */,
				59AACF7318AE1EC8009D6475 /* BeaconRegion.m */,
			);
			name = iBeacon;
			sourceTree = "<group>";
		};
/* End PBXGroup section */

/* Begin PBXNativeTarget section */
		59097AEF18AA31C100CB39E1 /* iBeaconFinalDemo */ = {
			isa = PBXNativeTarget;
			buildConfigurationList = 59097B2218AA31C100CB39E1 /* Build configuration list for PBXNativeTarget "iBeaconFinalDemo" */;
			buildPhases = (
				59097AEC18AA31C100CB39E1 /* Sources */,
				59097AED18AA31C100CB39E1 /* Frameworks */,
				59097AEE18AA31C100CB39E1 /* Resources */,
			);
			buildRules = (
			);
			dependencies = (
			);
			name = iBeaconFinalDemo;
			productName = iBeaconFinalDemo;
			productReference = 59097AF018AA31C100CB39E1 /* iBeaconFinalDemo.app */;
			productType = "com.apple.product-type.application";
		};
		59097B1018AA31C100CB39E1 /* iBeaconFinalDemoTests */ = {
			isa = PBXNativeTarget;
			buildConfigurationList = 59097B2518AA31C100CB39E1 /* Build configuration list for PBXNativeTarget "iBeaconFinalDemoTests" */;
			buildPhases = (
				59097B0D18AA31C100CB39E1 /* Sources */,
				59097B0E18AA31C100CB39E1 /* Frameworks */,
				59097B0F18AA31C100CB39E1 /* Resources */,
			);
			buildRules = (
			);
			dependencies = (
				59097B1718AA31C100CB39E1 /* PBXTargetDependency */,
			);
			name = iBeaconFinalDemoTests;
			productName = iBeaconFinalDemoTests;
			productReference = 59097B1118AA31C100CB39E1 /* iBeaconFinalDemoTests.xctest */;
			productType = "com.apple.product-type.bundle.unit-test";
		};
/* End PBXNativeTarget section */

/* Begin PBXProject section */
		59097AE818AA31C000CB39E1 /* Project object */ = {
			isa = PBXProject;
			attributes = {
				LastUpgradeCheck = 0500;
				ORGANIZATIONNAME = Webonise;
				TargetAttributes = {
					59097B1018AA31C100CB39E1 = {
						TestTargetID = 59097AEF18AA31C100CB39E1;
					};
				};
			};
			buildConfigurationList = 59097AEB18AA31C000CB39E1 /* Build configuration list for PBXProject "iBeaconFinalDemo" */;
			compatibilityVersion = "Xcode 3.2";
			developmentRegion = English;
			hasScannedForEncodings = 0;
			knownRegions = (
				en,
				Base,
			);
			mainGroup = 59097AE718AA31C000CB39E1;
			productRefGroup = 59097AF118AA31C100CB39E1 /* Products */;
			projectDirPath = "";
			projectRoot = "";
			targets = (
				59097AEF18AA31C100CB39E1 /* iBeaconFinalDemo */,
				59097B1018AA31C100CB39E1 /* iBeaconFinalDemoTests */,
			);
		};
/* End PBXProject section */

/* Begin PBXResourcesBuildPhase section */
		59097AEE18AA31C100CB39E1 /* Resources */ = {
			isa = PBXResourcesBuildPhase;
			buildActionMask = 2147483647;
			files = (
				59B6914318BB407F0081BC00 /* LoginViewController.xib in Resources */,
				59097B0C18AA31C100CB39E1 /* Images.xcassets in Resources */,
				59B6914718BB40E90081BC00 /* FBLogo.png in Resources */,
				59097AFE18AA31C100CB39E1 /* InfoPlist.strings in Resources */,
				59B6914518BB40E10081BC00 /* FBLogin_background.png in Resources */,
				59B6914918BB53E10081BC00 /* google-plus.1.png in Resources */,
				59097B0718AA31C100CB39E1 /* Main.storyboard in Resources */,
			);
			runOnlyForDeploymentPostprocessing = 0;
		};
		59097B0F18AA31C100CB39E1 /* Resources */ = {
			isa = PBXResourcesBuildPhase;
			buildActionMask = 2147483647;
			files = (
				59097B1D18AA31C100CB39E1 /* InfoPlist.strings in Resources */,
			);
			runOnlyForDeploymentPostprocessing = 0;
		};
/* End PBXResourcesBuildPhase section */

/* Begin PBXSourcesBuildPhase section */
		59097AEC18AA31C100CB39E1 /* Sources */ = {
			isa = PBXSourcesBuildPhase;
			buildActionMask = 2147483647;
			files = (
				59BB923F18B37AFC0044B8E7 /* AFURLConnectionOperation.m in Sources */,
				59BB924018B37AFC0044B8E7 /* AFXMLRequestOperation.m in Sources */,
				59BB923C18B37AFC0044B8E7 /* AFJSONRequestOperation.m in Sources */,
				59BB923A18B37AFC0044B8E7 /* AFHTTPRequestOperation.m in Sources */,
				59097B0A18AA31C100CB39E1 /* BeaconViewController.m in Sources */,
				59BB91B518B376A00044B8E7 /* WebserviceHelperClass.m in Sources */,
				59BB91B118B375680044B8E7 /* MBProgressHUD.m in Sources */,
				59AACF7418AE1EC8009D6475 /* BeaconRegion.m in Sources */,
				59097B0418AA31C100CB39E1 /* AppDelegate.m in Sources */,
				59AD2D0418B4B51A003E80EC /* UIDevice+Hardware.m in Sources */,
				59BB923B18B37AFC0044B8E7 /* AFImageRequestOperation.m in Sources */,
				59BB923D18B37AFC0044B8E7 /* AFNetworkActivityIndicatorManager.m in Sources */,
				59BB924118B37AFC0044B8E7 /* UIImageView+AFNetworking.m in Sources */,
				59097B0018AA31C100CB39E1 /* main.m in Sources */,
				59B6915418BB5D430081BC00 /* PerformFBRequest.m in Sources */,
				59B6914218BB407F0081BC00 /* LoginViewController.m in Sources */,
				59097B3B18AA357B00CB39E1 /* iToast.m in Sources */,
				59BB923918B37AFC0044B8E7 /* AFHTTPClient.m in Sources */,
				59BB923E18B37AFC0044B8E7 /* AFPropertyListRequestOperation.m in Sources */,
			);
			runOnlyForDeploymentPostprocessing = 0;
		};
		59097B0D18AA31C100CB39E1 /* Sources */ = {
			isa = PBXSourcesBuildPhase;
			buildActionMask = 2147483647;
			files = (
				59097B1F18AA31C100CB39E1 /* iBeaconFinalDemoTests.m in Sources */,
			);
			runOnlyForDeploymentPostprocessing = 0;
		};
/* End PBXSourcesBuildPhase section */

/* Begin PBXTargetDependency section */
		59097B1718AA31C100CB39E1 /* PBXTargetDependency */ = {
			isa = PBXTargetDependency;
			target = 59097AEF18AA31C100CB39E1 /* iBeaconFinalDemo */;
			targetProxy = 59097B1618AA31C100CB39E1 /* PBXContainerItemProxy */;
		};
/* End PBXTargetDependency section */

/* Begin PBXVariantGroup section */
		59097AFC18AA31C100CB39E1 /* InfoPlist.strings */ = {
			isa = PBXVariantGroup;
			children = (
				59097AFD18AA31C100CB39E1 /* en */,
			);
			name = InfoPlist.strings;
			sourceTree = "<group>";
		};
		59097B0518AA31C100CB39E1 /* Main.storyboard */ = {
			isa = PBXVariantGroup;
			children = (
				59097B0618AA31C100CB39E1 /* Base */,
			);
			name = Main.storyboard;
			sourceTree = "<group>";
		};
		59097B1B18AA31C100CB39E1 /* InfoPlist.strings */ = {
			isa = PBXVariantGroup;
			children = (
				59097B1C18AA31C100CB39E1 /* en */,
			);
			name = InfoPlist.strings;
			sourceTree = "<group>";
		};
/* End PBXVariantGroup section */

/* Begin XCBuildConfiguration section */
		59097B2018AA31C100CB39E1 /* Debug */ = {
			isa = XCBuildConfiguration;
			buildSettings = {
				ALWAYS_SEARCH_USER_PATHS = NO;
				ARCHS = "$(ARCHS_STANDARD_INCLUDING_64_BIT)";
				CLANG_CXX_LANGUAGE_STANDARD = "gnu++0x";
				CLANG_CXX_LIBRARY = "libc++";
				CLANG_ENABLE_MODULES = YES;
				CLANG_ENABLE_OBJC_ARC = YES;
				CLANG_WARN_BOOL_CONVERSION = YES;
				CLANG_WARN_CONSTANT_CONVERSION = YES;
				CLANG_WARN_DIRECT_OBJC_ISA_USAGE = YES_ERROR;
				CLANG_WARN_EMPTY_BODY = YES;
				CLANG_WARN_ENUM_CONVERSION = YES;
				CLANG_WARN_INT_CONVERSION = YES;
				CLANG_WARN_OBJC_ROOT_CLASS = YES_ERROR;
				CLANG_WARN__DUPLICATE_METHOD_MATCH = YES;
				"CODE_SIGN_IDENTITY[sdk=iphoneos*]" = "iPhone Developer";
				COPY_PHASE_STRIP = NO;
				GCC_C_LANGUAGE_STANDARD = gnu99;
				GCC_DYNAMIC_NO_PIC = NO;
				GCC_OPTIMIZATION_LEVEL = 0;
				GCC_PREPROCESSOR_DEFINITIONS = (
					"DEBUG=1",
					"$(inherited)",
				);
				GCC_SYMBOLS_PRIVATE_EXTERN = NO;
				GCC_WARN_64_TO_32_BIT_CONVERSION = YES;
				GCC_WARN_ABOUT_RETURN_TYPE = YES_ERROR;
				GCC_WARN_UNDECLARED_SELECTOR = YES;
				GCC_WARN_UNINITIALIZED_AUTOS = YES;
				GCC_WARN_UNUSED_FUNCTION = YES;
				GCC_WARN_UNUSED_VARIABLE = YES;
				IPHONEOS_DEPLOYMENT_TARGET = 7.0;
				ONLY_ACTIVE_ARCH = YES;
				SDKROOT = iphoneos;
			};
			name = Debug;
		};
		59097B2118AA31C100CB39E1 /* Release */ = {
			isa = XCBuildConfiguration;
			buildSettings = {
				ALWAYS_SEARCH_USER_PATHS = NO;
				ARCHS = "$(ARCHS_STANDARD_INCLUDING_64_BIT)";
				CLANG_CXX_LANGUAGE_STANDARD = "gnu++0x";
				CLANG_CXX_LIBRARY = "libc++";
				CLANG_ENABLE_MODULES = YES;
				CLANG_ENABLE_OBJC_ARC = YES;
				CLANG_WARN_BOOL_CONVERSION = YES;
				CLANG_WARN_CONSTANT_CONVERSION = YES;
				CLANG_WARN_DIRECT_OBJC_ISA_USAGE = YES_ERROR;
				CLANG_WARN_EMPTY_BODY = YES;
				CLANG_WARN_ENUM_CONVERSION = YES;
				CLANG_WARN_INT_CONVERSION = YES;
				CLANG_WARN_OBJC_ROOT_CLASS = YES_ERROR;
				CLANG_WARN__DUPLICATE_METHOD_MATCH = YES;
				"CODE_SIGN_IDENTITY[sdk=iphoneos*]" = "iPhone Developer";
				COPY_PHASE_STRIP = YES;
				ENABLE_NS_ASSERTIONS = NO;
				GCC_C_LANGUAGE_STANDARD = gnu99;
				GCC_WARN_64_TO_32_BIT_CONVERSION = YES;
				GCC_WARN_ABOUT_RETURN_TYPE = YES_ERROR;
				GCC_WARN_UNDECLARED_SELECTOR = YES;
				GCC_WARN_UNINITIALIZED_AUTOS = YES;
				GCC_WARN_UNUSED_FUNCTION = YES;
				GCC_WARN_UNUSED_VARIABLE = YES;
				IPHONEOS_DEPLOYMENT_TARGET = 7.0;
				SDKROOT = iphoneos;
				VALIDATE_PRODUCT = YES;
			};
			name = Release;
		};
		59097B2318AA31C100CB39E1 /* Debug */ = {
			isa = XCBuildConfiguration;
			buildSettings = {
				ASSETCATALOG_COMPILER_APPICON_NAME = AppIcon;
				ASSETCATALOG_COMPILER_LAUNCHIMAGE_NAME = LaunchImage;
				CODE_SIGN_IDENTITY = "iPhone Developer: Webonise Lab (EQ9S5KJP48)";
				FRAMEWORK_SEARCH_PATHS = (
					"$(inherited)",
					/Users/adminroom/Desktop/experiments/iBeaconFinalDemo,
					/Users/adminroom/Desktop/experiments/iBeaconFinalDemo/GooglePlus,
				);
				GCC_PRECOMPILE_PREFIX_HEADER = YES;
				GCC_PREFIX_HEADER = "iBeaconFinalDemo/iBeaconFinalDemo-Prefix.pch";
				HEADER_SEARCH_PATHS = (
					"$(inherited)",
					/Applications/Xcode2.app/Contents/Developer/Toolchains/XcodeDefault.xctoolchain/usr/include,
					"$(SRCROOT)/EstimoteSDK/Headers",
				);
				INFOPLIST_FILE = "iBeaconFinalDemo/iBeaconFinalDemo-Info.plist";
				LIBRARY_SEARCH_PATHS = (
					"$(inherited)",
					/Users/adminroom/Desktop/experiments/iBeaconFinalDemo/EstimoteSDK,
					/Users/adminroom/Desktop/experiments/iBeaconFinalDemo/FacebookSDK.framework/Versions/A,
				);
				OTHER_LDFLAGS = "-ObjC";
				PRODUCT_NAME = "$(TARGET_NAME)";
				PROVISIONING_PROFILE = "45DF8D95-C85D-4F84-BDBC-1F362A3F5A12";
				WRAPPER_EXTENSION = app;
			};
			name = Debug;
		};
		59097B2418AA31C100CB39E1 /* Release */ = {
			isa = XCBuildConfiguration;
			buildSettings = {
				ASSETCATALOG_COMPILER_APPICON_NAME = AppIcon;
				ASSETCATALOG_COMPILER_LAUNCHIMAGE_NAME = LaunchImage;
				CODE_SIGN_IDENTITY = "iPhone Developer: Webonise Lab (EQ9S5KJP48)";
				FRAMEWORK_SEARCH_PATHS = (
					"$(inherited)",
					/Users/adminroom/Desktop/experiments/iBeaconFinalDemo,
					/Users/adminroom/Desktop/experiments/iBeaconFinalDemo/GooglePlus,
				);
				GCC_PRECOMPILE_PREFIX_HEADER = YES;
				GCC_PREFIX_HEADER = "iBeaconFinalDemo/iBeaconFinalDemo-Prefix.pch";
				HEADER_SEARCH_PATHS = (
					"$(inherited)",
					/Applications/Xcode2.app/Contents/Developer/Toolchains/XcodeDefault.xctoolchain/usr/include,
					"$(SRCROOT)/EstimoteSDK/Headers",
				);
				INFOPLIST_FILE = "iBeaconFinalDemo/iBeaconFinalDemo-Info.plist";
				LIBRARY_SEARCH_PATHS = (
					"$(inherited)",
					/Users/adminroom/Desktop/experiments/iBeaconFinalDemo/EstimoteSDK,
					/Users/adminroom/Desktop/experiments/iBeaconFinalDemo/FacebookSDK.framework/Versions/A,
				);
				OTHER_LDFLAGS = "-ObjC";
				PRODUCT_NAME = "$(TARGET_NAME)";
				PROVISIONING_PROFILE = "45DF8D95-C85D-4F84-BDBC-1F362A3F5A12";
				WRAPPER_EXTENSION = app;
			};
			name = Release;
		};
		59097B2618AA31C100CB39E1 /* Debug */ = {
			isa = XCBuildConfiguration;
			buildSettings = {
				ARCHS = "$(ARCHS_STANDARD_INCLUDING_64_BIT)";
				BUNDLE_LOADER = "$(BUILT_PRODUCTS_DIR)/iBeaconFinalDemo.app/iBeaconFinalDemo";
				FRAMEWORK_SEARCH_PATHS = (
					"$(SDKROOT)/Developer/Library/Frameworks",
					"$(inherited)",
					"$(DEVELOPER_FRAMEWORKS_DIR)",
				);
				GCC_PRECOMPILE_PREFIX_HEADER = YES;
				GCC_PREFIX_HEADER = "iBeaconFinalDemo/iBeaconFinalDemo-Prefix.pch";
				GCC_PREPROCESSOR_DEFINITIONS = (
					"DEBUG=1",
					"$(inherited)",
				);
				INFOPLIST_FILE = "iBeaconFinalDemoTests/iBeaconFinalDemoTests-Info.plist";
				PRODUCT_NAME = "$(TARGET_NAME)";
				TEST_HOST = "$(BUNDLE_LOADER)";
				WRAPPER_EXTENSION = xctest;
			};
			name = Debug;
		};
		59097B2718AA31C100CB39E1 /* Release */ = {
			isa = XCBuildConfiguration;
			buildSettings = {
				ARCHS = "$(ARCHS_STANDARD_INCLUDING_64_BIT)";
				BUNDLE_LOADER = "$(BUILT_PRODUCTS_DIR)/iBeaconFinalDemo.app/iBeaconFinalDemo";
				FRAMEWORK_SEARCH_PATHS = (
					"$(SDKROOT)/Developer/Library/Frameworks",
					"$(inherited)",
					"$(DEVELOPER_FRAMEWORKS_DIR)",
				);
				GCC_PRECOMPILE_PREFIX_HEADER = YES;
				GCC_PREFIX_HEADER = "iBeaconFinalDemo/iBeaconFinalDemo-Prefix.pch";
				INFOPLIST_FILE = "iBeaconFinalDemoTests/iBeaconFinalDemoTests-Info.plist";
				PRODUCT_NAME = "$(TARGET_NAME)";
				TEST_HOST = "$(BUNDLE_LOADER)";
				WRAPPER_EXTENSION = xctest;
			};
			name = Release;
		};
/* End XCBuildConfiguration section */

/* Begin XCConfigurationList section */
		59097AEB18AA31C000CB39E1 /* Build configuration list for PBXProject "iBeaconFinalDemo" */ = {
			isa = XCConfigurationList;
			buildConfigurations = (
				59097B2018AA31C100CB39E1 /* Debug */,
				59097B2118AA31C100CB39E1 /* Release */,
			);
			defaultConfigurationIsVisible = 0;
			defaultConfigurationName = Release;
		};
		59097B2218AA31C100CB39E1 /* Build configuration list for PBXNativeTarget "iBeaconFinalDemo" */ = {
			isa = XCConfigurationList;
			buildConfigurations = (
				59097B2318AA31C100CB39E1 /* Debug */,
				59097B2418AA31C100CB39E1 /* Release */,
			);
			defaultConfigurationIsVisible = 0;
			defaultConfigurationName = Release;
		};
		59097B2518AA31C100CB39E1 /* Build configuration list for PBXNativeTarget "iBeaconFinalDemoTests" */ = {
			isa = XCConfigurationList;
			buildConfigurations = (
				59097B2618AA31C100CB39E1 /* Debug */,
				59097B2718AA31C100CB39E1 /* Release */,
			);
			defaultConfigurationIsVisible = 0;
			defaultConfigurationName = Release;
		};
/* End XCConfigurationList section */
	};
	rootObject = 59097AE818AA31C000CB39E1 /* Project object */;
}
